
Microsoft Visual Studio Solution File, Format Version 12.00
# Visual Studio Version 16
VisualStudioVersion = 16.0.33328.57
MinimumVisualStudioVersion = 10.0.40219.1
Project("{8BC9CEB8-8B4A-11D0-8D11-00A0C91BC942}") = "DOSLibV24-1", "DOSLibV24-1.vcxproj", "{81D5649F-785A-4863-AC38-4078B47186BF}"
EndProject
Project("{8BC9CEB8-8B4A-11D0-8D11-00A0C91BC942}") = "DOSLibV24-2", "DOSLibV24-2.vcxproj", "{81D5649F-785A-4863-AC38-4078B47186CF}"
EndProject
Project("{8BC9CEB8-8B4A-11D0-8D11-00A0C91BC942}") = "DOSLibV25-1", "DOSLibV25-1.vcxproj", "{8082252A-5EB7-43AC-BCCC-4C53DD6FF38C}"
EndProject
Global
	GlobalSection(SolutionConfigurationPlatforms) = preSolution
		Debug|x64 = Debug|x64
		Debug|x86 = Debug|x86
		Release|x64 = Release|x64
		Release|x86 = Release|x86
	EndGlobalSection
	GlobalSection(ProjectConfigurationPlatforms) = postSolution
		{81D5649F-785A-4863-AC38-4078B47186BF}.Debug|x64.ActiveCfg = Debug|x64
		{81D5649F-785A-4863-AC38-4078B47186BF}.Debug|x64.Build.0 = Debug|x64
		{81D5649F-785A-4863-AC38-4078B47186BF}.Debug|x86.ActiveCfg = Debug|Win32
		{81D5649F-785A-4863-AC38-4078B47186BF}.Debug|x86.Build.0 = Debug|Win32
		{81D5649F-785A-4863-AC38-4078B47186BF}.Release|x64.ActiveCfg = Release|x64
		{81D5649F-785A-4863-AC38-4078B47186BF}.Release|x64.Build.0 = Release|x64
		{81D5649F-785A-4863-AC38-4078B47186BF}.Release|x86.ActiveCfg = Release|Win32
		{81D5649F-785A-4863-AC38-4078B47186BF}.Release|x86.Build.0 = Release|Win32
		{81D5649F-785A-4863-AC38-4078B47186CF}.Debug|x64.ActiveCfg = Debug|x64
		{81D5649F-785A-4863-AC38-4078B47186CF}.Debug|x64.Build.0 = Debug|x64
		{81D5649F-785A-4863-AC38-4078B47186CF}.Debug|x86.ActiveCfg = Debug|Win32
		{81D5649F-785A-4863-AC38-4078B47186CF}.Debug|x86.Build.0 = Debug|Win32
		{81D5649F-785A-4863-AC38-4078B47186CF}.Release|x64.ActiveCfg = Release|x64
		{81D5649F-785A-4863-AC38-4078B47186CF}.Release|x64.Build.0 = Release|x64
		{81D5649F-785A-4863-AC38-4078B47186CF}.Release|x86.ActiveCfg = Release|Win32
		{81D5649F-785A-4863-AC38-4078B47186CF}.Release|x86.Build.0 = Release|Win32
		{8082252A-5EB7-43AC-BCCC-4C53DD6FF38C}.Debug|x64.ActiveCfg = Debug|x64
		{8082252A-5EB7-43AC-BCCC-4C53DD6FF38C}.Debug|x64.Build.0 = Debug|x64
		{8082252A-5EB7-43AC-BCCC-4C53DD6FF38C}.Debug|x86.ActiveCfg = Debug|Win32
		{8082252A-5EB7-43AC-BCCC-4C53DD6FF38C}.Debug|x86.Build.0 = Debug|Win32
		{8082252A-5EB7-43AC-BCCC-4C53DD6FF38C}.Release|x64.ActiveCfg = Release|x64
		{8082252A-5EB7-43AC-BCCC-4C53DD6FF38C}.Release|x64.Build.0 = Release|x64
		{8082252A-5EB7-43AC-BCCC-4C53DD6FF38C}.Release|x86.ActiveCfg = Release|Win32
		{8082252A-5EB7-43AC-BCCC-4C53DD6FF38C}.Release|x86.Build.0 = Release|Win32
	EndGlobalSection
	GlobalSection(SolutionProperties) = preSolution
		HideSolutionNode = FALSE
	EndGlobalSection
	GlobalSection(ExtensibilityGlobals) = postSolution
		SolutionGuid = {FD4F027D-66E1-4342-8B62-491623530578}
	EndGlobalSection
EndGlobal
